// !$*UTF8*$!
{
	archiveVersion = 1;
	classes = {
	};
	objectVersion = 50;
	objects = {

/* Begin PBXBuildFile section */
		497D25BF20AD9E7D003B48FF /* AppDelegate.swift in Sources */ = {isa = PBXBuildFile; fileRef = 497D25BE20AD9E7D003B48FF /* AppDelegate.swift */; };
		497D25C120AD9E7D003B48FF /* ViewController.swift in Sources */ = {isa = PBXBuildFile; fileRef = 497D25C020AD9E7D003B48FF /* ViewController.swift */; };
		497D25C420AD9E7D003B48FF /* Main.storyboard in Resources */ = {isa = PBXBuildFile; fileRef = 497D25C220AD9E7D003B48FF /* Main.storyboard */; };
		497D25C620AD9E7E003B48FF /* Assets.xcassets in Resources */ = {isa = PBXBuildFile; fileRef = 497D25C520AD9E7E003B48FF /* Assets.xcassets */; };
		497D25C920AD9E7E003B48FF /* LaunchScreen.storyboard in Resources */ = {isa = PBXBuildFile; fileRef = 497D25C720AD9E7E003B48FF /* LaunchScreen.storyboard */; };
		497D25D420AD9E7E003B48FF /* AqwasTestTests.swift in Sources */ = {isa = PBXBuildFile; fileRef = 497D25D320AD9E7E003B48FF /* AqwasTestTests.swift */; };
		497D25DF20AD9E7E003B48FF /* AqwasTestUITests.swift in Sources */ = {isa = PBXBuildFile; fileRef = 497D25DE20AD9E7E003B48FF /* AqwasTestUITests.swift */; };
/* End PBXBuildFile section */

/* Begin PBXContainerItemProxy section */
		497D25D020AD9E7E003B48FF /* PBXContainerItemProxy */ = {
			isa = PBXContainerItemProxy;
			containerPortal = 497D25B320AD9E7C003B48FF /* Project object */;
			proxyType = 1;
			remoteGlobalIDString = 497D25BA20AD9E7C003B48FF;
			remoteInfo = AqwasTest;
		};
		497D25DB20AD9E7E003B48FF /* PBXContainerItemProxy */ = {
			isa = PBXContainerItemProxy;
			containerPortal = 497D25B320AD9E7C003B48FF /* Project object */;
			proxyType = 1;
			remoteGlobalIDString = 497D25BA20AD9E7C003B48FF;
			remoteInfo = AqwasTest;
		};
/* End PBXContainerItemProxy section */

/* Begin PBXFileReference section */
		497D25BB20AD9E7D003B48FF /* AqwasTest.app */ = {isa = PBXFileReference; explicitFileType = wrapper.application; includeInIndex = 0; path = AqwasTest.app; sourceTree = BUILT_PRODUCTS_DIR; };
		497D25BE20AD9E7D003B48FF /* AppDelegate.swift */ = {isa = PBXFileReference; lastKnownFileType = sourcecode.swift; path = AppDelegate.swift; sourceTree = "<group>"; };
		497D25C020AD9E7D003B48FF /* ViewController.swift */ = {isa = PBXFileReference; lastKnownFileType = sourcecode.swift; path = ViewController.swift; sourceTree = "<group>"; };
		497D25C320AD9E7D003B48FF /* Base */ = {isa = PBXFileReference; lastKnownFileType = file.storyboard; name = Base; path = Base.lproj/Main.storyboard; sourceTree = "<group>"; };
		497D25C520AD9E7E003B48FF /* Assets.xcassets */ = {isa = PBXFileReference; lastKnownFileType = folder.assetcatalog; path = Assets.xcassets; sourceTree = "<group>"; };
		497D25C820AD9E7E003B48FF /* Base */ = {isa = PBXFileReference; lastKnownFileType = file.storyboard; name = Base; path = Base.lproj/LaunchScreen.storyboard; sourceTree = "<group>"; };
		497D25CA20AD9E7E003B48FF /* Info.plist */ = {isa = PBXFileReference; lastKnownFileType = text.plist.xml; path = Info.plist; sourceTree = "<group>"; };
		497D25CF20AD9E7E003B48FF /* AqwasTestTests.xctest */ = {isa = PBXFileReference; explicitFileType = wrapper.cfbundle; includeInIndex = 0; path = AqwasTestTests.xctest; sourceTree = BUILT_PRODUCTS_DIR; };
		497D25D320AD9E7E003B48FF /* AqwasTestTests.swift */ = {isa = PBXFileReference; lastKnownFileType = sourcecode.swift; path = AqwasTestTests.swift; sourceTree = "<group>"; };
		497D25D520AD9E7E003B48FF /* Info.plist */ = {isa = PBXFileReference; lastKnownFileType = text.plist.xml; path = Info.plist; sourceTree = "<group>"; };
		497D25DA20AD9E7E003B48FF /* AqwasTestUITests.xctest */ = {isa = PBXFileReference; explicitFileType = wrapper.cfbundle; includeInIndex = 0; path = AqwasTestUITests.xctest; sourceTree = BUILT_PRODUCTS_DIR; };
		497D25DE20AD9E7E003B48FF /* AqwasTestUITests.swift */ = {isa = PBXFileReference; lastKnownFileType = sourcecode.swift; path = AqwasTestUITests.swift; sourceTree = "<group>"; };
		497D25E020AD9E7E003B48FF /* Info.plist */ = {isa = PBXFileReference; lastKnownFileType = text.plist.xml; path = Info.plist; sourceTree = "<group>"; };
/* End PBXFileReference section */

/* Begin PBXFrameworksBuildPhase section */
		497D25B820AD9E7C003B48FF /* Frameworks */ = {
			isa = PBXFrameworksBuildPhase;
			buildActionMask = 2147483647;
			files = (
			);
			runOnlyForDeploymentPostprocessing = 0;
		};
		497D25CC20AD9E7E003B48FF /* Frameworks */ = {
			isa = PBXFrameworksBuildPhase;
			buildActionMask = 2147483647;
			files = (
			);
			runOnlyForDeploymentPostprocessing = 0;
		};
		497D25D720AD9E7E003B48FF /* Frameworks */ = {
			isa = PBXFrameworksBuildPhase;
			buildActionMask = 2147483647;
			files = (
			);
			runOnlyForDeploymentPostprocessing = 0;
		};
/* End PBXFrameworksBuildPhase section */

/* Begin PBXGroup section */
		497D25B220AD9E7C003B48FF = {
			isa = PBXGroup;
			children = (
				497D25BD20AD9E7D003B48FF /* AqwasTest */,
				497D25D220AD9E7E003B48FF /* AqwasTestTests */,
				497D25DD20AD9E7E003B48FF /* AqwasTestUITests */,
				497D25BC20AD9E7D003B48FF /* Products */,
			);
			sourceTree = "<group>";
		};
		497D25BC20AD9E7D003B48FF /* Products */ = {
			isa = PBXGroup;
			children = (
				497D25BB20AD9E7D003B48FF /* AqwasTest.app */,
				497D25CF20AD9E7E003B48FF /* AqwasTestTests.xctest */,
				497D25DA20AD9E7E003B48FF /* AqwasTestUITests.xctest */,
			);
			name = Products;
			sourceTree = "<group>";
		};
		497D25BD20AD9E7D003B48FF /* AqwasTest */ = {
			isa = PBXGroup;
			children = (
				497D25F020AD9EE3003B48FF /* Extra */,
				497D25EF20AD9EDB003B48FF /* Services */,
				497D25EE20AD9ECC003B48FF /* Controller */,
				497D25ED20AD9EC5003B48FF /* view */,
				497D25EC20AD9EBB003B48FF /* Model */,
				497D25BE20AD9E7D003B48FF /* AppDelegate.swift */,
				497D25C020AD9E7D003B48FF /* ViewController.swift */,
				497D25C220AD9E7D003B48FF /* Main.storyboard */,
				497D25C520AD9E7E003B48FF /* Assets.xcassets */,
				497D25C720AD9E7E003B48FF /* LaunchScreen.storyboard */,
				497D25CA20AD9E7E003B48FF /* Info.plist */,
			);
			path = AqwasTest;
			sourceTree = "<group>";
		};
		497D25D220AD9E7E003B48FF /* AqwasTestTests */ = {
			isa = PBXGroup;
			children = (
				497D25D320AD9E7E003B48FF /* AqwasTestTests.swift */,
				497D25D520AD9E7E003B48FF /* Info.plist */,
			);
			path = AqwasTestTests;
			sourceTree = "<group>";
		};
		497D25DD20AD9E7E003B48FF /* AqwasTestUITests */ = {
			isa = PBXGroup;
			children = (
				497D25DE20AD9E7E003B48FF /* AqwasTestUITests.swift */,
				497D25E020AD9E7E003B48FF /* Info.plist */,
			);
			path = AqwasTestUITests;
			sourceTree = "<group>";
		};
		497D25EC20AD9EBB003B48FF /* Model */ = {
			isa = PBXGroup;
			children = (
			);
			path = Model;
			sourceTree = "<group>";
		};
		497D25ED20AD9EC5003B48FF /* view */ = {
			isa = PBXGroup;
			children = (
			);
			path = view;
			sourceTree = "<group>";
		};
		497D25EE20AD9ECC003B48FF /* Controller */ = {
			isa = PBXGroup;
			children = (
			);
			path = Controller;
			sourceTree = "<group>";
		};
		497D25EF20AD9EDB003B48FF /* Services */ = {
			isa = PBXGroup;
			children = (
			);
			path = Services;
			sourceTree = "<group>";
		};
		497D25F020AD9EE3003B48FF /* Extra */ = {
			isa = PBXGroup;
			children = (
			);
			path = Extra;
			sourceTree = "<group>";
		};
/* End PBXGroup section */

/* Begin PBXNativeTarget section */
		497D25BA20AD9E7C003B48FF /* AqwasTest */ = {
			isa = PBXNativeTarget;
			buildConfigurationList = 497D25E320AD9E7E003B48FF /* Build configuration list for PBXNativeTarget "AqwasTest" */;
			buildPhases = (
				497D25B720AD9E7C003B48FF /* Sources */,
				497D25B820AD9E7C003B48FF /* Frameworks */,
				497D25B920AD9E7C003B48FF /* Resources */,
			);
			buildRules = (
			);
			dependencies = (
			);
			name = AqwasTest;
			productName = AqwasTest;
			productReference = 497D25BB20AD9E7D003B48FF /* AqwasTest.app */;
			productType = "com.apple.product-type.application";
		};
		497D25CE20AD9E7E003B48FF /* AqwasTestTests */ = {
			isa = PBXNativeTarget;
			buildConfigurationList = 497D25E620AD9E7E003B48FF /* Build configuration list for PBXNativeTarget "AqwasTestTests" */;
			buildPhases = (
				497D25CB20AD9E7E003B48FF /* Sources */,
				497D25CC20AD9E7E003B48FF /* Frameworks */,
				497D25CD20AD9E7E003B48FF /* Resources */,
			);
			buildRules = (
			);
			dependencies = (
				497D25D120AD9E7E003B48FF /* PBXTargetDependency */,
			);
			name = AqwasTestTests;
			productName = AqwasTestTests;
			productReference = 497D25CF20AD9E7E003B48FF /* AqwasTestTests.xctest */;
			productType = "com.apple.product-type.bundle.unit-test";
		};
		497D25D920AD9E7E003B48FF /* AqwasTestUITests */ = {
			isa = PBXNativeTarget;
			buildConfigurationList = 497D25E920AD9E7E003B48FF /* Build configuration list for PBXNativeTarget "AqwasTestUITests" */;
			buildPhases = (
				497D25D620AD9E7E003B48FF /* Sources */,
				497D25D720AD9E7E003B48FF /* Frameworks */,
				497D25D820AD9E7E003B48FF /* Resources */,
			);
			buildRules = (
			);
			dependencies = (
				497D25DC20AD9E7E003B48FF /* PBXTargetDependency */,
			);
			name = AqwasTestUITests;
			productName = AqwasTestUITests;
			productReference = 497D25DA20AD9E7E003B48FF /* AqwasTestUITests.xctest */;
			productType = "com.apple.product-type.bundle.ui-testing";
		};
/* End PBXNativeTarget section */

/* Begin PBXProject section */
		497D25B320AD9E7C003B48FF /* Project object */ = {
			isa = PBXProject;
			attributes = {
				LastSwiftUpdateCheck = 0930;
				LastUpgradeCheck = 0930;
				ORGANIZATIONNAME = yarob;
				TargetAttributes = {
					497D25BA20AD9E7C003B48FF = {
						CreatedOnToolsVersion = 9.3;
					};
					497D25CE20AD9E7E003B48FF = {
						CreatedOnToolsVersion = 9.3;
						TestTargetID = 497D25BA20AD9E7C003B48FF;
					};
					497D25D920AD9E7E003B48FF = {
						CreatedOnToolsVersion = 9.3;
						TestTargetID = 497D25BA20AD9E7C003B48FF;
					};
				};
			};
			buildConfigurationList = 497D25B620AD9E7C003B48FF /* Build configuration list for PBXProject "AqwasTest" */;
			compatibilityVersion = "Xcode 9.3";
			developmentRegion = en;
			hasScannedForEncodings = 0;
			knownRegions = (
				en,
				Base,
			);
			mainGroup = 497D25B220AD9E7C003B48FF;
			productRefGroup = 497D25BC20AD9E7D003B48FF /* Products */;
			projectDirPath = "";
			projectRoot = "";
			targets = (
				497D25BA20AD9E7C003B48FF /* AqwasTest */,
				497D25CE20AD9E7E003B48FF /* AqwasTestTests */,
				497D25D920AD9E7E003B48FF /* AqwasTestUITests */,
			);
		};
/* End PBXProject section */

/* Begin PBXResourcesBuildPhase section */
		497D25B920AD9E7C003B48FF /* Resources */ = {
			isa = PBXResourcesBuildPhase;
			buildActionMask = 2147483647;
			files = (
				497D25C920AD9E7E003B48FF /* LaunchScreen.storyboard in Resources */,
				497D25C620AD9E7E003B48FF /* Assets.xcassets in Resources */,
				497D25C420AD9E7D003B48FF /* Main.storyboard in Resources */,
			);
			runOnlyForDeploymentPostprocessing = 0;
		};
		497D25CD20AD9E7E003B48FF /* Resources */ = {
			isa = PBXResourcesBuildPhase;
			buildActionMask = 2147483647;
			files = (
			);
			runOnlyForDeploymentPostprocessing = 0;
		};
		497D25D820AD9E7E003B48FF /* Resources */ = {
			isa = PBXResourcesBuildPhase;
			buildActionMask = 2147483647;
			files = (
			);
			runOnlyForDeploymentPostprocessing = 0;
		};
/* End PBXResourcesBuildPhase section */

/* Begin PBXSourcesBuildPhase section */
		497D25B720AD9E7C003B48FF /* Sources */ = {
			isa = PBXSourcesBuildPhase;
			buildActionMask = 2147483647;
			files = (
				497D25C120AD9E7D003B48FF /* ViewController.swift in Sources */,
				497D25BF20AD9E7D003B48FF /* AppDelegate.swift in Sources */,
			);
			runOnlyForDeploymentPostprocessing = 0;
		};
		497D25CB20AD9E7E003B48FF /* Sources */ = {
			isa = PBXSourcesBuildPhase;
			buildActionMask = 2147483647;
			files = (
				497D25D420AD9E7E003B48FF /* AqwasTestTests.swift in Sources */,
			);
			runOnlyForDeploymentPostprocessing = 0;
		};
		497D25D620AD9E7E003B48FF /* Sources */ = {
			isa = PBXSourcesBuildPhase;
			buildActionMask = 2147483647;
			files = (
				497D25DF20AD9E7E003B48FF /* AqwasTestUITests.swift in Sources */,
			);
			runOnlyForDeploymentPostprocessing = 0;
		};
/* End PBXSourcesBuildPhase section */

/* Begin PBXTargetDependency section */
		497D25D120AD9E7E003B48FF /* PBXTargetDependency */ = {
			isa = PBXTargetDependency;
			target = 497D25BA20AD9E7C003B48FF /* AqwasTest */;
			targetProxy = 497D25D020AD9E7E003B48FF /* PBXContainerItemProxy */;
		};
		497D25DC20AD9E7E003B48FF /* PBXTargetDependency */ = {
			isa = PBXTargetDependency;
			target = 497D25BA20AD9E7C003B48FF /* AqwasTest */;
			targetProxy = 497D25DB20AD9E7E003B48FF /* PBXContainerItemProxy */;
		};
/* End PBXTargetDependency section */

/* Begin PBXVariantGroup section */
		497D25C220AD9E7D003B48FF /* Main.storyboard */ = {
			isa = PBXVariantGroup;
			children = (
				497D25C320AD9E7D003B48FF /* Base */,
			);
			name = Main.storyboard;
			sourceTree = "<group>";
		};
		497D25C720AD9E7E003B48FF /* LaunchScreen.storyboard */ = {
			isa = PBXVariantGroup;
			children = (
				497D25C820AD9E7E003B48FF /* Base */,
			);
			name = LaunchScreen.storyboard;
			sourceTree = "<group>";
		};
/* End PBXVariantGroup section */

/* Begin XCBuildConfiguration section */
		497D25E120AD9E7E003B48FF /* Debug */ = {
			isa = XCBuildConfiguration;
			buildSettings = {
				ALWAYS_SEARCH_USER_PATHS = NO;
				CLANG_ANALYZER_NONNULL = YES;
				CLANG_ANALYZER_NUMBER_OBJECT_CONVERSION = YES_AGGRESSIVE;
				CLANG_CXX_LANGUAGE_STANDARD = "gnu++14";
				CLANG_CXX_LIBRARY = "libc++";
				CLANG_ENABLE_MODULES = YES;
				CLANG_ENABLE_OBJC_ARC = YES;
				CLANG_ENABLE_OBJC_WEAK = YES;
				CLANG_WARN_BLOCK_CAPTURE_AUTORELEASING = YES;
				CLANG_WARN_BOOL_CONVERSION = YES;
				CLANG_WARN_COMMA = YES;
				CLANG_WARN_CONSTANT_CONVERSION = YES;
				CLANG_WARN_DEPRECATED_OBJC_IMPLEMENTATIONS = YES;
				CLANG_WARN_DIRECT_OBJC_ISA_USAGE = YES_ERROR;
				CLANG_WARN_DOCUMENTATION_COMMENTS = YES;
				CLANG_WARN_EMPTY_BODY = YES;
				CLANG_WARN_ENUM_CONVERSION = YES;
				CLANG_WARN_INFINITE_RECURSION = YES;
				CLANG_WARN_INT_CONVERSION = YES;
				CLANG_WARN_NON_LITERAL_NULL_CONVERSION = YES;
				CLANG_WARN_OBJC_IMPLICIT_RETAIN_SELF = YES;
				CLANG_WARN_OBJC_LITERAL_CONVERSION = YES;
				CLANG_WARN_OBJC_ROOT_CLASS = YES_ERROR;
				CLANG_WARN_RANGE_LOOP_ANALYSIS = YES;
				CLANG_WARN_STRICT_PROTOTYPES = YES;
				CLANG_WARN_SUSPICIOUS_MOVE = YES;
				CLANG_WARN_UNGUARDED_AVAILABILITY = YES_AGGRESSIVE;
				CLANG_WARN_UNREACHABLE_CODE = YES;
				CLANG_WARN__DUPLICATE_METHOD_MATCH = YES;
				CODE_SIGN_IDENTITY = "iPhone Developer";
				COPY_PHASE_STRIP = NO;
				DEBUG_INFORMATION_FORMAT = dwarf;
				ENABLE_STRICT_OBJC_MSGSEND = YES;
				ENABLE_TESTABILITY = YES;
				GCC_C_LANGUAGE_STANDARD = gnu11;
				GCC_DYNAMIC_NO_PIC = NO;
				GCC_NO_COMMON_BLOCKS = YES;
				GCC_OPTIMIZATION_LEVEL = 0;
				GCC_PREPROCESSOR_DEFINITIONS = (
					"DEBUG=1",
					"$(inherited)",
				);
				GCC_WARN_64_TO_32_BIT_CONVERSION = YES;
				GCC_WARN_ABOUT_RETURN_TYPE = YES_ERROR;
				GCC_WARN_UNDECLARED_SELECTOR = YES;
				GCC_WARN_UNINITIALIZED_AUTOS = YES_AGGRESSIVE;
				GCC_WARN_UNUSED_FUNCTION = YES;
				GCC_WARN_UNUSED_VARIABLE = YES;
				IPHONEOS_DEPLOYMENT_TARGET = 11.3;
				MTL_ENABLE_DEBUG_INFO = YES;
				ONLY_ACTIVE_ARCH = YES;
				SDKROOT = iphoneos;
				SWIFT_ACTIVE_COMPILATION_CONDITIONS = DEBUG;
				SWIFT_OPTIMIZATION_LEVEL = "-Onone";
			};
			name = Debug;
		};
		497D25E220AD9E7E003B48FF /* Release */ = {
			isa = XCBuildConfiguration;
			buildSettings = {
				ALWAYS_SEARCH_USER_PATHS = NO;
				CLANG_ANALYZER_NONNULL = YES;
				CLANG_ANALYZER_NUMBER_OBJECT_CONVERSION = YES_AGGRESSIVE;
				CLANG_CXX_LANGUAGE_STANDARD = "gnu++14";
				CLANG_CXX_LIBRARY = "libc++";
				CLANG_ENABLE_MODULES = YES;
				CLANG_ENABLE_OBJC_ARC = YES;
				CLANG_ENABLE_OBJC_WEAK = YES;
				CLANG_WARN_BLOCK_CAPTURE_AUTORELEASING = YES;
				CLANG_WARN_BOOL_CONVERSION = YES;
				CLANG_WARN_COMMA = YES;
				CLANG_WARN_CONSTANT_CONVERSION = YES;
				CLANG_WARN_DEPRECATED_OBJC_IMPLEMENTATIONS = YES;
				CLANG_WARN_DIRECT_OBJC_ISA_USAGE = YES_ERROR;
				CLANG_WARN_DOCUMENTATION_COMMENTS = YES;
				CLANG_WARN_EMPTY_BODY = YES;
				CLANG_WARN_ENUM_CONVERSION = YES;
				CLANG_WARN_INFINITE_RECURSION = YES;
				CLANG_WARN_INT_CONVERSION = YES;
				CLANG_WARN_NON_LITERAL_NULL_CONVERSION = YES;
				CLANG_WARN_OBJC_IMPLICIT_RETAIN_SELF = YES;
				CLANG_WARN_OBJC_LITERAL_CONVERSION = YES;
				CLANG_WARN_OBJC_ROOT_CLASS = YES_ERROR;
				CLANG_WARN_RANGE_LOOP_ANALYSIS = YES;
				CLANG_WARN_STRICT_PROTOTYPES = YES;
				CLANG_WARN_SUSPICIOUS_MOVE = YES;
				CLANG_WARN_UNGUARDED_AVAILABILITY = YES_AGGRESSIVE;
				CLANG_WARN_UNREACHABLE_CODE = YES;
				CLANG_WARN__DUPLICATE_METHOD_MATCH = YES;
				CODE_SIGN_IDENTITY = "iPhone Developer";
				COPY_PHASE_STRIP = NO;
				DEBUG_INFORMATION_FORMAT = "dwarf-with-dsym";
				ENABLE_NS_ASSERTIONS = NO;
				ENABLE_STRICT_OBJC_MSGSEND = YES;
				GCC_C_LANGUAGE_STANDARD = gnu11;
				GCC_NO_COMMON_BLOCKS = YES;
				GCC_WARN_64_TO_32_BIT_CONVERSION = YES;
				GCC_WARN_ABOUT_RETURN_TYPE = YES_ERROR;
				GCC_WARN_UNDECLARED_SELECTOR = YES;
				GCC_WARN_UNINITIALIZED_AUTOS = YES_AGGRESSIVE;
				GCC_WARN_UNUSED_FUNCTION = YES;
				GCC_WARN_UNUSED_VARIABLE = YES;
				IPHONEOS_DEPLOYMENT_TARGET = 11.3;
				MTL_ENABLE_DEBUG_INFO = NO;
				SDKROOT = iphoneos;
				SWIFT_COMPILATION_MODE = wholemodule;
				SWIFT_OPTIMIZATION_LEVEL = "-O";
				VALIDATE_PRODUCT = YES;
			};
			name = Release;
		};
		497D25E420AD9E7E003B48FF /* Debug */ = {
			isa = XCBuildConfiguration;
			buildSettings = {
				ASSETCATALOG_COMPILER_APPICON_NAME = AppIcon;
				CODE_SIGN_STYLE = Automatic;
				INFOPLIST_FILE = AqwasTest/Info.plist;
				LD_RUNPATH_SEARCH_PATHS = (
					"$(inherited)",
					"@executable_path/Frameworks",
				);
				PRODUCT_BUNDLE_IDENTIFIER = Yarob.AqwasTest;
				PRODUCT_NAME = "$(TARGET_NAME)";
				SWIFT_VERSION = 4.0;
				TARGETED_DEVICE_FAMILY = "1,2";
			};
			name = Debug;
		};
		497D25E520AD9E7E003B48FF /* Release */ = {
			isa = XCBuildConfiguration;
			buildSettings = {
				ASSETCATALOG_COMPILER_APPICON_NAME = AppIcon;
				CODE_SIGN_STYLE = Automatic;
				INFOPLIST_FILE = AqwasTest/Info.plist;
				LD_RUNPATH_SEARCH_PATHS = (
					"$(inherited)",
					"@executable_path/Frameworks",
				);
				PRODUCT_BUNDLE_IDENTIFIER = Yarob.AqwasTest;
				PRODUCT_NAME = "$(TARGET_NAME)";
				SWIFT_VERSION = 4.0;
				TARGETED_DEVICE_FAMILY = "1,2";
			};
			name = Release;
		};
		497D25E720AD9E7E003B48FF /* Debug */ = {
			isa = XCBuildConfiguration;
			buildSettings = {
				ALWAYS_EMBED_SWIFT_STANDARD_LIBRARIES = YES;
				BUNDLE_LOADER = "$(TEST_HOST)";
				CODE_SIGN_STYLE = Automatic;
				INFOPLIST_FILE = AqwasTestTests/Info.plist;
				LD_RUNPATH_SEARCH_PATHS = (
					"$(inherited)",
					"@executable_path/Frameworks",
					"@loader_path/Frameworks",
				);
				PRODUCT_BUNDLE_IDENTIFIER = Yarob.AqwasTestTests;
				PRODUCT_NAME = "$(TARGET_NAME)";
				SWIFT_VERSION = 4.0;
				TARGETED_DEVICE_FAMILY = "1,2";
				TEST_HOST = "$(BUILT_PRODUCTS_DIR)/AqwasTest.app/AqwasTest";
			};
			name = Debug;
		};
		497D25E820AD9E7E003B48FF /* Release */ = {
			isa = XCBuildConfiguration;
			buildSettings = {
				ALWAYS_EMBED_SWIFT_STANDARD_LIBRARIES = YES;
				BUNDLE_LOADER = "$(TEST_HOST)";
				CODE_SIGN_STYLE = Automatic;
				INFOPLIST_FILE = AqwasTestTests/Info.plist;
				LD_RUNPATH_SEARCH_PATHS = (
					"$(inherited)",
					"@executable_path/Frameworks",
					"@loader_path/Frameworks",
				);
				PRODUCT_BUNDLE_IDENTIFIER = Yarob.AqwasTestTests;
				PRODUCT_NAME = "$(TARGET_NAME)";
				SWIFT_VERSION = 4.0;
				TARGETED_DEVICE_FAMILY = "1,2";
				TEST_HOST = "$(BUILT_PRODUCTS_DIR)/AqwasTest.app/AqwasTest";
			};
			name = Release;
		};
		497D25EA20AD9E7E003B48FF /* Debug */ = {
			isa = XCBuildConfiguration;
			buildSettings = {
				ALWAYS_EMBED_SWIFT_STANDARD_LIBRARIES = YES;
				CODE_SIGN_STYLE = Automatic;
				INFOPLIST_FILE = AqwasTestUITests/Info.plist;
				LD_RUNPATH_SEARCH_PATHS = (
					"$(inherited)",
					"@executable_path/Frameworks",
					"@loader_path/Frameworks",
				);
				PRODUCT_BUNDLE_IDENTIFIER = Yarob.AqwasTestUITests;
				PRODUCT_NAME = "$(TARGET_NAME)";
				SWIFT_VERSION = 4.0;
				TARGETED_DEVICE_FAMILY = "1,2";
				TEST_TARGET_NAME = AqwasTest;
			};
			name = Debug;
		};
		497D25EB20AD9E7E003B48FF /* Release */ = {
			isa = XCBuildConfiguration;
			buildSettings = {
				ALWAYS_EMBED_SWIFT_STANDARD_LIBRARIES = YES;
				CODE_SIGN_STYLE = Automatic;
				INFOPLIST_FILE = AqwasTestUITests/Info.plist;
				LD_RUNPATH_SEARCH_PATHS = (
					"$(inherited)",
					"@executable_path/Frameworks",
					"@loader_path/Frameworks",
				);
				PRODUCT_BUNDLE_IDENTIFIER = Yarob.AqwasTestUITests;
				PRODUCT_NAME = "$(TARGET_NAME)";
				SWIFT_VERSION = 4.0;
				TARGETED_DEVICE_FAMILY = "1,2";
				TEST_TARGET_NAME = AqwasTest;
			};
			name = Release;
		};
/* End XCBuildConfiguration section */

/* Begin XCConfigurationList section */
		497D25B620AD9E7C003B48FF /* Build configuration list for PBXProject "AqwasTest" */ = {
			isa = XCConfigurationList;
			buildConfigurations = (
				497D25E120AD9E7E003B48FF /* Debug */,
				497D25E220AD9E7E003B48FF /* Release */,
			);
			defaultConfigurationIsVisible = 0;
			defaultConfigurationName = Release;
		};
		497D25E320AD9E7E003B48FF /* Build configuration list for PBXNativeTarget "AqwasTest" */ = {
			isa = XCConfigurationList;
			buildConfigurations = (
				497D25E420AD9E7E003B48FF /* Debug */,
				497D25E520AD9E7E003B48FF /* Release */,
			);
			defaultConfigurationIsVisible = 0;
			defaultConfigurationName = Release;
		};
		497D25E620AD9E7E003B48FF /* Build configuration list for PBXNativeTarget "AqwasTestTests" */ = {
			isa = XCConfigurationList;
			buildConfigurations = (
				497D25E720AD9E7E003B48FF /* Debug */,
				497D25E820AD9E7E003B48FF /* Release */,
			);
			defaultConfigurationIsVisible = 0;
			defaultConfigurationName = Release;
		};
		497D25E920AD9E7E003B48FF /* Build configuration list for PBXNativeTarget "AqwasTestUITests" */ = {
			isa = XCConfigurationList;
			buildConfigurations = (
				497D25EA20AD9E7E003B48FF /* Debug */,
				497D25EB20AD9E7E003B48FF /* Release */,
			);
			defaultConfigurationIsVisible = 0;
			defaultConfigurationName = Release;
		};
/* End XCConfigurationList section */
	};
	rootObject = 497D25B320AD9E7C003B48FF /* Project object */;
}
